// !$*UTF8*$!
{
	archiveVersion = 1;
	classes = {
	};
	objectVersion = 50;
	objects = {

/* Begin PBXBuildFile section */
		F093088B246E8179001ECD3C /* AppDelegate.swift in Sources */ = {isa = PBXBuildFile; fileRef = F093088A246E8179001ECD3C /* AppDelegate.swift */; };
		F093088D246E8179001ECD3C /* SceneDelegate.swift in Sources */ = {isa = PBXBuildFile; fileRef = F093088C246E8179001ECD3C /* SceneDelegate.swift */; };
		F093088F246E8179001ECD3C /* ViewController.swift in Sources */ = {isa = PBXBuildFile; fileRef = F093088E246E8179001ECD3C /* ViewController.swift */; };
		F0930892246E8179001ECD3C /* Main.storyboard in Resources */ = {isa = PBXBuildFile; fileRef = F0930890246E8179001ECD3C /* Main.storyboard */; };
		F0930894246E817C001ECD3C /* Assets.xcassets in Resources */ = {isa = PBXBuildFile; fileRef = F0930893246E817C001ECD3C /* Assets.xcassets */; };
		F0930897246E817C001ECD3C /* LaunchScreen.storyboard in Resources */ = {isa = PBXBuildFile; fileRef = F0930895246E817C001ECD3C /* LaunchScreen.storyboard */; };
		F09308A2246E817D001ECD3C /* QRCodeReader_DesmondTests.swift in Sources */ = {isa = PBXBuildFile; fileRef = F09308A1246E817D001ECD3C /* QRCodeReader_DesmondTests.swift */; };
		F09308AD246E817D001ECD3C /* QRCodeReader_DesmondUITests.swift in Sources */ = {isa = PBXBuildFile; fileRef = F09308AC246E817D001ECD3C /* QRCodeReader_DesmondUITests.swift */; };
/* End PBXBuildFile section */

/* Begin PBXContainerItemProxy section */
		F093089E246E817D001ECD3C /* PBXContainerItemProxy */ = {
			isa = PBXContainerItemProxy;
			containerPortal = F093087F246E8179001ECD3C /* Project object */;
			proxyType = 1;
			remoteGlobalIDString = F0930886246E8179001ECD3C;
			remoteInfo = QRCodeReader_Desmond;
		};
		F09308A9246E817D001ECD3C /* PBXContainerItemProxy */ = {
			isa = PBXContainerItemProxy;
			containerPortal = F093087F246E8179001ECD3C /* Project object */;
			proxyType = 1;
			remoteGlobalIDString = F0930886246E8179001ECD3C;
			remoteInfo = QRCodeReader_Desmond;
		};
/* End PBXContainerItemProxy section */

/* Begin PBXFileReference section */
		F0930887246E8179001ECD3C /* QRCodeReader_Desmond.app */ = {isa = PBXFileReference; explicitFileType = wrapper.application; includeInIndex = 0; path = QRCodeReader_Desmond.app; sourceTree = BUILT_PRODUCTS_DIR; };
		F093088A246E8179001ECD3C /* AppDelegate.swift */ = {isa = PBXFileReference; lastKnownFileType = sourcecode.swift; path = AppDelegate.swift; sourceTree = "<group>"; };
		F093088C246E8179001ECD3C /* SceneDelegate.swift */ = {isa = PBXFileReference; lastKnownFileType = sourcecode.swift; path = SceneDelegate.swift; sourceTree = "<group>"; };
		F093088E246E8179001ECD3C /* ViewController.swift */ = {isa = PBXFileReference; lastKnownFileType = sourcecode.swift; path = ViewController.swift; sourceTree = "<group>"; };
		F0930891246E8179001ECD3C /* Base */ = {isa = PBXFileReference; lastKnownFileType = file.storyboard; name = Base; path = Base.lproj/Main.storyboard; sourceTree = "<group>"; };
		F0930893246E817C001ECD3C /* Assets.xcassets */ = {isa = PBXFileReference; lastKnownFileType = folder.assetcatalog; path = Assets.xcassets; sourceTree = "<group>"; };
		F0930896246E817C001ECD3C /* Base */ = {isa = PBXFileReference; lastKnownFileType = file.storyboard; name = Base; path = Base.lproj/LaunchScreen.storyboard; sourceTree = "<group>"; };
		F0930898246E817C001ECD3C /* Info.plist */ = {isa = PBXFileReference; lastKnownFileType = text.plist.xml; path = Info.plist; sourceTree = "<group>"; };
		F093089D246E817D001ECD3C /* QRCodeReader_DesmondTests.xctest */ = {isa = PBXFileReference; explicitFileType = wrapper.cfbundle; includeInIndex = 0; path = QRCodeReader_DesmondTests.xctest; sourceTree = BUILT_PRODUCTS_DIR; };
		F09308A1246E817D001ECD3C /* QRCodeReader_DesmondTests.swift */ = {isa = PBXFileReference; lastKnownFileType = sourcecode.swift; path = QRCodeReader_DesmondTests.swift; sourceTree = "<group>"; };
		F09308A3246E817D001ECD3C /* Info.plist */ = {isa = PBXFileReference; lastKnownFileType = text.plist.xml; path = Info.plist; sourceTree = "<group>"; };
		F09308A8246E817D001ECD3C /* QRCodeReader_DesmondUITests.xctest */ = {isa = PBXFileReference; explicitFileType = wrapper.cfbundle; includeInIndex = 0; path = QRCodeReader_DesmondUITests.xctest; sourceTree = BUILT_PRODUCTS_DIR; };
		F09308AC246E817D001ECD3C /* QRCodeReader_DesmondUITests.swift */ = {isa = PBXFileReference; lastKnownFileType = sourcecode.swift; path = QRCodeReader_DesmondUITests.swift; sourceTree = "<group>"; };
		F09308AE246E817D001ECD3C /* Info.plist */ = {isa = PBXFileReference; lastKnownFileType = text.plist.xml; path = Info.plist; sourceTree = "<group>"; };
/* End PBXFileReference section */

/* Begin PBXFrameworksBuildPhase section */
		F0930884246E8179001ECD3C /* Frameworks */ = {
			isa = PBXFrameworksBuildPhase;
			buildActionMask = 2147483647;
			files = (
			);
			runOnlyForDeploymentPostprocessing = 0;
		};
		F093089A246E817D001ECD3C /* Frameworks */ = {
			isa = PBXFrameworksBuildPhase;
			buildActionMask = 2147483647;
			files = (
			);
			runOnlyForDeploymentPostprocessing = 0;
		};
		F09308A5246E817D001ECD3C /* Frameworks */ = {
			isa = PBXFrameworksBuildPhase;
			buildActionMask = 2147483647;
			files = (
			);
			runOnlyForDeploymentPostprocessing = 0;
		};
/* End PBXFrameworksBuildPhase section */

/* Begin PBXGroup section */
		F093087E246E8179001ECD3C = {
			isa = PBXGroup;
			children = (
				F0930889246E8179001ECD3C /* QRCodeReader_Desmond */,
				F09308A0246E817D001ECD3C /* QRCodeReader_DesmondTests */,
				F09308AB246E817D001ECD3C /* QRCodeReader_DesmondUITests */,
				F0930888246E8179001ECD3C /* Products */,
			);
			sourceTree = "<group>";
		};
		F0930888246E8179001ECD3C /* Products */ = {
			isa = PBXGroup;
			children = (
				F0930887246E8179001ECD3C /* QRCodeReader_Desmond.app */,
				F093089D246E817D001ECD3C /* QRCodeReader_DesmondTests.xctest */,
				F09308A8246E817D001ECD3C /* QRCodeReader_DesmondUITests.xctest */,
			);
			name = Products;
			sourceTree = "<group>";
		};
		F0930889246E8179001ECD3C /* QRCodeReader_Desmond */ = {
			isa = PBXGroup;
			children = (
				F093088A246E8179001ECD3C /* AppDelegate.swift */,
				F093088C246E8179001ECD3C /* SceneDelegate.swift */,
				F093088E246E8179001ECD3C /* ViewController.swift */,
				F0930890246E8179001ECD3C /* Main.storyboard */,
				F0930893246E817C001ECD3C /* Assets.xcassets */,
				F0930895246E817C001ECD3C /* LaunchScreen.storyboard */,
				F0930898246E817C001ECD3C /* Info.plist */,
			);
			path = QRCodeReader_Desmond;
			sourceTree = "<group>";
		};
		F09308A0246E817D001ECD3C /* QRCodeReader_DesmondTests */ = {
			isa = PBXGroup;
			children = (
				F09308A1246E817D001ECD3C /* QRCodeReader_DesmondTests.swift */,
				F09308A3246E817D001ECD3C /* Info.plist */,
			);
			path = QRCodeReader_DesmondTests;
			sourceTree = "<group>";
		};
		F09308AB246E817D001ECD3C /* QRCodeReader_DesmondUITests */ = {
			isa = PBXGroup;
			children = (
				F09308AC246E817D001ECD3C /* QRCodeReader_DesmondUITests.swift */,
				F09308AE246E817D001ECD3C /* Info.plist */,
			);
			path = QRCodeReader_DesmondUITests;
			sourceTree = "<group>";
		};
/* End PBXGroup section */

/* Begin PBXNativeTarget section */
		F0930886246E8179001ECD3C /* QRCodeReader_Desmond */ = {
			isa = PBXNativeTarget;
			buildConfigurationList = F09308B1246E817D001ECD3C /* Build configuration list for PBXNativeTarget "QRCodeReader_Desmond" */;
			buildPhases = (
				F0930883246E8179001ECD3C /* Sources */,
				F0930884246E8179001ECD3C /* Frameworks */,
				F0930885246E8179001ECD3C /* Resources */,
			);
			buildRules = (
			);
			dependencies = (
			);
			name = QRCodeReader_Desmond;
			productName = QRCodeReader_Desmond;
			productReference = F0930887246E8179001ECD3C /* QRCodeReader_Desmond.app */;
			productType = "com.apple.product-type.application";
		};
		F093089C246E817D001ECD3C /* QRCodeReader_DesmondTests */ = {
			isa = PBXNativeTarget;
			buildConfigurationList = F09308B4246E817D001ECD3C /* Build configuration list for PBXNativeTarget "QRCodeReader_DesmondTests" */;
			buildPhases = (
				F0930899246E817D001ECD3C /* Sources */,
				F093089A246E817D001ECD3C /* Frameworks */,
				F093089B246E817D001ECD3C /* Resources */,
			);
			buildRules = (
			);
			dependencies = (
				F093089F246E817D001ECD3C /* PBXTargetDependency */,
			);
			name = QRCodeReader_DesmondTests;
			productName = QRCodeReader_DesmondTests;
			productReference = F093089D246E817D001ECD3C /* QRCodeReader_DesmondTests.xctest */;
			productType = "com.apple.product-type.bundle.unit-test";
		};
		F09308A7246E817D001ECD3C /* QRCodeReader_DesmondUITests */ = {
			isa = PBXNativeTarget;
			buildConfigurationList = F09308B7246E817D001ECD3C /* Build configuration list for PBXNativeTarget "QRCodeReader_DesmondUITests" */;
			buildPhases = (
				F09308A4246E817D001ECD3C /* Sources */,
				F09308A5246E817D001ECD3C /* Frameworks */,
				F09308A6246E817D001ECD3C /* Resources */,
			);
			buildRules = (
			);
			dependencies = (
				F09308AA246E817D001ECD3C /* PBXTargetDependency */,
			);
			name = QRCodeReader_DesmondUITests;
			productName = QRCodeReader_DesmondUITests;
			productReference = F09308A8246E817D001ECD3C /* QRCodeReader_DesmondUITests.xctest */;
			productType = "com.apple.product-type.bundle.ui-testing";
		};
/* End PBXNativeTarget section */

/* Begin PBXProject section */
		F093087F246E8179001ECD3C /* Project object */ = {
			isa = PBXProject;
			attributes = {
				LastSwiftUpdateCheck = 1140;
				LastUpgradeCheck = 1140;
				ORGANIZATIONNAME = "Desmond Wong";
				TargetAttributes = {
					F0930886246E8179001ECD3C = {
						CreatedOnToolsVersion = 11.4.1;
					};
					F093089C246E817D001ECD3C = {
						CreatedOnToolsVersion = 11.4.1;
						TestTargetID = F0930886246E8179001ECD3C;
					};
					F09308A7246E817D001ECD3C = {
						CreatedOnToolsVersion = 11.4.1;
						TestTargetID = F0930886246E8179001ECD3C;
					};
				};
			};
			buildConfigurationList = F0930882246E8179001ECD3C /* Build configuration list for PBXProject "QRCodeReader_Desmond" */;
			compatibilityVersion = "Xcode 9.3";
			developmentRegion = en;
			hasScannedForEncodings = 0;
			knownRegions = (
				en,
				Base,
			);
			mainGroup = F093087E246E8179001ECD3C;
			productRefGroup = F0930888246E8179001ECD3C /* Products */;
			projectDirPath = "";
			projectRoot = "";
			targets = (
				F0930886246E8179001ECD3C /* QRCodeReader_Desmond */,
				F093089C246E817D001ECD3C /* QRCodeReader_DesmondTests */,
				F09308A7246E817D001ECD3C /* QRCodeReader_DesmondUITests */,
			);
		};
/* End PBXProject section */

/* Begin PBXResourcesBuildPhase section */
		F0930885246E8179001ECD3C /* Resources */ = {
			isa = PBXResourcesBuildPhase;
			buildActionMask = 2147483647;
			files = (
				F0930897246E817C001ECD3C /* LaunchScreen.storyboard in Resources */,
				F0930894246E817C001ECD3C /* Assets.xcassets in Resources */,
				F0930892246E8179001ECD3C /* Main.storyboard in Resources */,
			);
			runOnlyForDeploymentPostprocessing = 0;
		};
		F093089B246E817D001ECD3C /* Resources */ = {
			isa = PBXResourcesBuildPhase;
			buildActionMask = 2147483647;
			files = (
			);
			runOnlyForDeploymentPostprocessing = 0;
		};
		F09308A6246E817D001ECD3C /* Resources */ = {
			isa = PBXResourcesBuildPhase;
			buildActionMask = 2147483647;
			files = (
			);
			runOnlyForDeploymentPostprocessing = 0;
		};
/* End PBXResourcesBuildPhase section */

/* Begin PBXSourcesBuildPhase section */
		F0930883246E8179001ECD3C /* Sources */ = {
			isa = PBXSourcesBuildPhase;
			buildActionMask = 2147483647;
			files = (
				F093088F246E8179001ECD3C /* ViewController.swift in Sources */,
				F093088B246E8179001ECD3C /* AppDelegate.swift in Sources */,
				F093088D246E8179001ECD3C /* SceneDelegate.swift in Sources */,
			);
			runOnlyForDeploymentPostprocessing = 0;
		};
		F0930899246E817D001ECD3C /* Sources */ = {
			isa = PBXSourcesBuildPhase;
			buildActionMask = 2147483647;
			files = (
				F09308A2246E817D001ECD3C /* QRCodeReader_DesmondTests.swift in Sources */,
			);
			runOnlyForDeploymentPostprocessing = 0;
		};
		F09308A4246E817D001ECD3C /* Sources */ = {
			isa = PBXSourcesBuildPhase;
			buildActionMask = 2147483647;
			files = (
				F09308AD246E817D001ECD3C /* QRCodeReader_DesmondUITests.swift in Sources */,
			);
			runOnlyForDeploymentPostprocessing = 0;
		};
/* End PBXSourcesBuildPhase section */

/* Begin PBXTargetDependency section */
		F093089F246E817D001ECD3C /* PBXTargetDependency */ = {
			isa = PBXTargetDependency;
			target = F0930886246E8179001ECD3C /* QRCodeReader_Desmond */;
			targetProxy = F093089E246E817D001ECD3C /* PBXContainerItemProxy */;
		};
		F09308AA246E817D001ECD3C /* PBXTargetDependency */ = {
			isa = PBXTargetDependency;
			target = F0930886246E8179001ECD3C /* QRCodeReader_Desmond */;
			targetProxy = F09308A9246E817D001ECD3C /* PBXContainerItemProxy */;
		};
/* End PBXTargetDependency section */

/* Begin PBXVariantGroup section */
		F0930890246E8179001ECD3C /* Main.storyboard */ = {
			isa = PBXVariantGroup;
			children = (
				F0930891246E8179001ECD3C /* Base */,
			);
			name = Main.storyboard;
			sourceTree = "<group>";
		};
		F0930895246E817C001ECD3C /* LaunchScreen.storyboard */ = {
			isa = PBXVariantGroup;
			children = (
				F0930896246E817C001ECD3C /* Base */,
			);
			name = LaunchScreen.storyboard;
			sourceTree = "<group>";
		};
/* End PBXVariantGroup section */

/* Begin XCBuildConfiguration section */
		F09308AF246E817D001ECD3C /* Debug */ = {
			isa = XCBuildConfiguration;
			buildSettings = {
				ALWAYS_SEARCH_USER_PATHS = NO;
				CLANG_ANALYZER_NONNULL = YES;
				CLANG_ANALYZER_NUMBER_OBJECT_CONVERSION = YES_AGGRESSIVE;
				CLANG_CXX_LANGUAGE_STANDARD = "gnu++14";
				CLANG_CXX_LIBRARY = "libc++";
				CLANG_ENABLE_MODULES = YES;
				CLANG_ENABLE_OBJC_ARC = YES;
				CLANG_ENABLE_OBJC_WEAK = YES;
				CLANG_WARN_BLOCK_CAPTURE_AUTORELEASING = YES;
				CLANG_WARN_BOOL_CONVERSION = YES;
				CLANG_WARN_COMMA = YES;
				CLANG_WARN_CONSTANT_CONVERSION = YES;
				CLANG_WARN_DEPRECATED_OBJC_IMPLEMENTATIONS = YES;
				CLANG_WARN_DIRECT_OBJC_ISA_USAGE = YES_ERROR;
				CLANG_WARN_DOCUMENTATION_COMMENTS = YES;
				CLANG_WARN_EMPTY_BODY = YES;
				CLANG_WARN_ENUM_CONVERSION = YES;
				CLANG_WARN_INFINITE_RECURSION = YES;
				CLANG_WARN_INT_CONVERSION = YES;
				CLANG_WARN_NON_LITERAL_NULL_CONVERSION = YES;
				CLANG_WARN_OBJC_IMPLICIT_RETAIN_SELF = YES;
				CLANG_WARN_OBJC_LITERAL_CONVERSION = YES;
				CLANG_WARN_OBJC_ROOT_CLASS = YES_ERROR;
				CLANG_WARN_RANGE_LOOP_ANALYSIS = YES;
				CLANG_WARN_STRICT_PROTOTYPES = YES;
				CLANG_WARN_SUSPICIOUS_MOVE = YES;
				CLANG_WARN_UNGUARDED_AVAILABILITY = YES_AGGRESSIVE;
				CLANG_WARN_UNREACHABLE_CODE = YES;
				CLANG_WARN__DUPLICATE_METHOD_MATCH = YES;
				COPY_PHASE_STRIP = NO;
				DEBUG_INFORMATION_FORMAT = dwarf;
				ENABLE_STRICT_OBJC_MSGSEND = YES;
				ENABLE_TESTABILITY = YES;
				GCC_C_LANGUAGE_STANDARD = gnu11;
				GCC_DYNAMIC_NO_PIC = NO;
				GCC_NO_COMMON_BLOCKS = YES;
				GCC_OPTIMIZATION_LEVEL = 0;
				GCC_PREPROCESSOR_DEFINITIONS = (
					"DEBUG=1",
					"$(inherited)",
				);
				GCC_WARN_64_TO_32_BIT_CONVERSION = YES;
				GCC_WARN_ABOUT_RETURN_TYPE = YES_ERROR;
				GCC_WARN_UNDECLARED_SELECTOR = YES;
				GCC_WARN_UNINITIALIZED_AUTOS = YES_AGGRESSIVE;
				GCC_WARN_UNUSED_FUNCTION = YES;
				GCC_WARN_UNUSED_VARIABLE = YES;
				IPHONEOS_DEPLOYMENT_TARGET = 13.4;
				MTL_ENABLE_DEBUG_INFO = INCLUDE_SOURCE;
				MTL_FAST_MATH = YES;
				ONLY_ACTIVE_ARCH = YES;
				SDKROOT = iphoneos;
				SWIFT_ACTIVE_COMPILATION_CONDITIONS = DEBUG;
				SWIFT_OPTIMIZATION_LEVEL = "-Onone";
			};
			name = Debug;
		};
		F09308B0246E817D001ECD3C /* Release */ = {
			isa = XCBuildConfiguration;
			buildSettings = {
				ALWAYS_SEARCH_USER_PATHS = NO;
				CLANG_ANALYZER_NONNULL = YES;
				CLANG_ANALYZER_NUMBER_OBJECT_CONVERSION = YES_AGGRESSIVE;
				CLANG_CXX_LANGUAGE_STANDARD = "gnu++14";
				CLANG_CXX_LIBRARY = "libc++";
				CLANG_ENABLE_MODULES = YES;
				CLANG_ENABLE_OBJC_ARC = YES;
				CLANG_ENABLE_OBJC_WEAK = YES;
				CLANG_WARN_BLOCK_CAPTURE_AUTORELEASING = YES;
				CLANG_WARN_BOOL_CONVERSION = YES;
				CLANG_WARN_COMMA = YES;
				CLANG_WARN_CONSTANT_CONVERSION = YES;
				CLANG_WARN_DEPRECATED_OBJC_IMPLEMENTATIONS = YES;
				CLANG_WARN_DIRECT_OBJC_ISA_USAGE = YES_ERROR;
				CLANG_WARN_DOCUMENTATION_COMMENTS = YES;
				CLANG_WARN_EMPTY_BODY = YES;
				CLANG_WARN_ENUM_CONVERSION = YES;
				CLANG_WARN_INFINITE_RECURSION = YES;
				CLANG_WARN_INT_CONVERSION = YES;
				CLANG_WARN_NON_LITERAL_NULL_CONVERSION = YES;
				CLANG_WARN_OBJC_IMPLICIT_RETAIN_SELF = YES;
				CLANG_WARN_OBJC_LITERAL_CONVERSION = YES;
				CLANG_WARN_OBJC_ROOT_CLASS = YES_ERROR;
				CLANG_WARN_RANGE_LOOP_ANALYSIS = YES;
				CLANG_WARN_STRICT_PROTOTYPES = YES;
				CLANG_WARN_SUSPICIOUS_MOVE = YES;
				CLANG_WARN_UNGUARDED_AVAILABILITY = YES_AGGRESSIVE;
				CLANG_WARN_UNREACHABLE_CODE = YES;
				CLANG_WARN__DUPLICATE_METHOD_MATCH = YES;
				COPY_PHASE_STRIP = NO;
				DEBUG_INFORMATION_FORMAT = "dwarf-with-dsym";
				ENABLE_NS_ASSERTIONS = NO;
				ENABLE_STRICT_OBJC_MSGSEND = YES;
				GCC_C_LANGUAGE_STANDARD = gnu11;
				GCC_NO_COMMON_BLOCKS = YES;
				GCC_WARN_64_TO_32_BIT_CONVERSION = YES;
				GCC_WARN_ABOUT_RETURN_TYPE = YES_ERROR;
				GCC_WARN_UNDECLARED_SELECTOR = YES;
				GCC_WARN_UNINITIALIZED_AUTOS = YES_AGGRESSIVE;
				GCC_WARN_UNUSED_FUNCTION = YES;
				GCC_WARN_UNUSED_VARIABLE = YES;
				IPHONEOS_DEPLOYMENT_TARGET = 13.4;
				MTL_ENABLE_DEBUG_INFO = NO;
				MTL_FAST_MATH = YES;
				SDKROOT = iphoneos;
				SWIFT_COMPILATION_MODE = wholemodule;
				SWIFT_OPTIMIZATION_LEVEL = "-O";
				VALIDATE_PRODUCT = YES;
			};
			name = Release;
		};
		F09308B2246E817D001ECD3C /* Debug */ = {
			isa = XCBuildConfiguration;
			buildSettings = {
				ASSETCATALOG_COMPILER_APPICON_NAME = AppIcon;
				CODE_SIGN_STYLE = Automatic;
				DEVELOPMENT_TEAM = F8MG8SY6C5;
				INFOPLIST_FILE = QRCodeReader_Desmond/Info.plist;
				LD_RUNPATH_SEARCH_PATHS = (
					"$(inherited)",
					"@executable_path/Frameworks",
				);
				PRODUCT_BUNDLE_IDENTIFIER = "com.desmondwong.QRCodeReader-Desmond";
				PRODUCT_NAME = "$(TARGET_NAME)";
				SWIFT_VERSION = 5.0;
				TARGETED_DEVICE_FAMILY = "1,2";
			};
			name = Debug;
		};
		F09308B3246E817D001ECD3C /* Release */ = {
			isa = XCBuildConfiguration;
			buildSettings = {
				ASSETCATALOG_COMPILER_APPICON_NAME = AppIcon;
				CODE_SIGN_STYLE = Automatic;
				DEVELOPMENT_TEAM = F8MG8SY6C5;
				INFOPLIST_FILE = QRCodeReader_Desmond/Info.plist;
				LD_RUNPATH_SEARCH_PATHS = (
					"$(inherited)",
					"@executable_path/Frameworks",
				);
				PRODUCT_BUNDLE_IDENTIFIER = "com.desmondwong.QRCodeReader-Desmond";
				PRODUCT_NAME = "$(TARGET_NAME)";
				SWIFT_VERSION = 5.0;
				TARGETED_DEVICE_FAMILY = "1,2";
			};
			name = Release;
		};
		F09308B5246E817D001ECD3C /* Debug */ = {
			isa = XCBuildConfiguration;
			buildSettings = {
				ALWAYS_EMBED_SWIFT_STANDARD_LIBRARIES = YES;
				BUNDLE_LOADER = "$(TEST_HOST)";
				CODE_SIGN_STYLE = Automatic;
				DEVELOPMENT_TEAM = F8MG8SY6C5;
				INFOPLIST_FILE = QRCodeReader_DesmondTests/Info.plist;
				IPHONEOS_DEPLOYMENT_TARGET = 13.4;
				LD_RUNPATH_SEARCH_PATHS = (
					"$(inherited)",
					"@executable_path/Frameworks",
					"@loader_path/Frameworks",
				);
				PRODUCT_BUNDLE_IDENTIFIER = "com.desmondwong.QRCodeReader-DesmondTests";
				PRODUCT_NAME = "$(TARGET_NAME)";
				SWIFT_VERSION = 5.0;
				TARGETED_DEVICE_FAMILY = "1,2";
				TEST_HOST = "$(BUILT_PRODUCTS_DIR)/QRCodeReader_Desmond.app/QRCodeReader_Desmond";
			};
			name = Debug;
		};
		F09308B6246E817D001ECD3C /* Release */ = {
			isa = XCBuildConfiguration;
			buildSettings = {
				ALWAYS_EMBED_SWIFT_STANDARD_LIBRARIES = YES;
				BUNDLE_LOADER = "$(TEST_HOST)";
				CODE_SIGN_STYLE = Automatic;
				DEVELOPMENT_TEAM = F8MG8SY6C5;
				INFOPLIST_FILE = QRCodeReader_DesmondTests/Info.plist;
				IPHONEOS_DEPLOYMENT_TARGET = 13.4;
				LD_RUNPATH_SEARCH_PATHS = (
					"$(inherited)",
					"@executable_path/Frameworks",
					"@loader_path/Frameworks",
				);
				PRODUCT_BUNDLE_IDENTIFIER = "com.desmondwong.QRCodeReader-DesmondTests";
				PRODUCT_NAME = "$(TARGET_NAME)";
				SWIFT_VERSION = 5.0;
				TARGETED_DEVICE_FAMILY = "1,2";
				TEST_HOST = "$(BUILT_PRODUCTS_DIR)/QRCodeReader_Desmond.app/QRCodeReader_Desmond";
			};
			name = Release;
		};
		F09308B8246E817D001ECD3C /* Debug */ = {
			isa = XCBuildConfiguration;
			buildSettings = {
				ALWAYS_EMBED_SWIFT_STANDARD_LIBRARIES = YES;
				CODE_SIGN_STYLE = Automatic;
				DEVELOPMENT_TEAM = F8MG8SY6C5;
				INFOPLIST_FILE = QRCodeReader_DesmondUITests/Info.plist;
				LD_RUNPATH_SEARCH_PATHS = (
					"$(inherited)",
					"@executable_path/Frameworks",
					"@loader_path/Frameworks",
				);
				PRODUCT_BUNDLE_IDENTIFIER = "com.desmondwong.QRCodeReader-DesmondUITests";
				PRODUCT_NAME = "$(TARGET_NAME)";
				SWIFT_VERSION = 5.0;
				TARGETED_DEVICE_FAMILY = "1,2";
				TEST_TARGET_NAME = QRCodeReader_Desmond;
			};
			name = Debug;
		};
		F09308B9246E817D001ECD3C /* Release */ = {
			isa = XCBuildConfiguration;
			buildSettings = {
				ALWAYS_EMBED_SWIFT_STANDARD_LIBRARIES = YES;
				CODE_SIGN_STYLE = Automatic;
				DEVELOPMENT_TEAM = F8MG8SY6C5;
				INFOPLIST_FILE = QRCodeReader_DesmondUITests/Info.plist;
				LD_RUNPATH_SEARCH_PATHS = (
					"$(inherited)",
					"@executable_path/Frameworks",
					"@loader_path/Frameworks",
				);
				PRODUCT_BUNDLE_IDENTIFIER = "com.desmondwong.QRCodeReader-DesmondUITests";
				PRODUCT_NAME = "$(TARGET_NAME)";
				SWIFT_VERSION = 5.0;
				TARGETED_DEVICE_FAMILY = "1,2";
				TEST_TARGET_NAME = QRCodeReader_Desmond;
			};
			name = Release;
		};
/* End XCBuildConfiguration section */

/* Begin XCConfigurationList section */
		F0930882246E8179001ECD3C /* Build configuration list for PBXProject "QRCodeReader_Desmond" */ = {
			isa = XCConfigurationList;
			buildConfigurations = (
				F09308AF246E817D001ECD3C /* Debug */,
				F09308B0246E817D001ECD3C /* Release */,
			);
			defaultConfigurationIsVisible = 0;
			defaultConfigurationName = Release;
		};
		F09308B1246E817D001ECD3C /* Build configuration list for PBXNativeTarget "QRCodeReader_Desmond" */ = {
			isa = XCConfigurationList;
			buildConfigurations = (
				F09308B2246E817D001ECD3C /* Debug */,
				F09308B3246E817D001ECD3C /* Release */,
			);
			defaultConfigurationIsVisible = 0;
			defaultConfigurationName = Release;
		};
		F09308B4246E817D001ECD3C /* Build configuration list for PBXNativeTarget "QRCodeReader_DesmondTests" */ = {
			isa = XCConfigurationList;
			buildConfigurations = (
				F09308B5246E817D001ECD3C /* Debug */,
				F09308B6246E817D001ECD3C /* Release */,
			);
			defaultConfigurationIsVisible = 0;
			defaultConfigurationName = Release;
		};
		F09308B7246E817D001ECD3C /* Build configuration list for PBXNativeTarget "QRCodeReader_DesmondUITests" */ = {
			isa = XCConfigurationList;
			buildConfigurations = (
				F09308B8246E817D001ECD3C /* Debug */,
				F09308B9246E817D001ECD3C /* Release */,
			);
			defaultConfigurationIsVisible = 0;
			defaultConfigurationName = Release;
		};
/* End XCConfigurationList section */
	};
	rootObject = F093087F246E8179001ECD3C /* Project object */;
}
